
Microsoft Visual Studio Solution File, Format Version 12.00
# Visual Studio Version 17
VisualStudioVersion = 17.0.32014.148
MinimumVisualStudioVersion = 10.0.40219.1
Project("{F184B08F-C81C-45F6-A57F-5ABD9991F28F}") = "InterActiveAPI", "InterActiveAPI\InterActiveAPI.vbproj", "{6DBE326C-51FE-4546-8735-923E8A89C1E6}"
EndProject
Global
	GlobalSection(SolutionConfigurationPlatforms) = preSolution
		Debug|Any CPU = Debug|Any CPU
		Release|Any CPU = Release|Any CPU
	EndGlobalSection
	GlobalSection(ProjectConfigurationPlatforms) = postSolution
		{6DBE326C-51FE-4546-8735-923E8A89C1E6}.Debug|Any CPU.ActiveCfg = Debug|Any CPU
		{6DBE326C-51FE-4546-8735-923E8A89C1E6}.Debug|Any CPU.Build.0 = Debug|Any CPU
		{6DBE326C-51FE-4546-8735-923E8A89C1E6}.Release|Any CPU.ActiveCfg = Release|Any CPU
		{6DBE326C-51FE-4546-8735-923E8A89C1E6}.Release|Any CPU.Build.0 = Release|Any CPU
	EndGlobalSection
	GlobalSection(SolutionProperties) = preSolution
		HideSolutionNode = FALSE
	EndGlobalSection
	GlobalSection(ExtensibilityGlobals) = postSolution
		SolutionGuid = {320718C8-9500-4916-BB12-216726B5BF3D}
	EndGlobalSection
EndGlobal
